
Microsoft Visual Studio Solution File, Format Version 12.00
# Visual Studio 15
VisualStudioVersion = 15.0.26730.15
MinimumVisualStudioVersion = 10.0.40219.1
Project("{FAE04EC0-301F-11D3-BF4B-00C04F79EFBC}") = "DebrisCollectionCSVLoader", "DebrisCollectionCSVLoader\DebrisCollectionCSVLoader.csproj", "{F25EA016-C3B6-4416-A842-6602B6DB630D}"
EndProject
Global
	GlobalSection(SolutionConfigurationPlatforms) = preSolution
		Debug|Any CPU = Debug|Any CPU
		Release|Any CPU = Release|Any CPU
	EndGlobalSection
	GlobalSection(ProjectConfigurationPlatforms) = postSolution
		{F25EA016-C3B6-4416-A842-6602B6DB630D}.Debug|Any CPU.ActiveCfg = Debug|Any CPU
		{F25EA016-C3B6-4416-A842-6602B6DB630D}.Debug|Any CPU.Build.0 = Debug|Any CPU
		{F25EA016-C3B6-4416-A842-6602B6DB630D}.Release|Any CPU.ActiveCfg = Release|Any CPU
		{F25EA016-C3B6-4416-A842-6602B6DB630D}.Release|Any CPU.Build.0 = Release|Any CPU
	EndGlobalSection
	GlobalSection(SolutionProperties) = preSolution
		HideSolutionNode = FALSE
	EndGlobalSection
	GlobalSection(ExtensibilityGlobals) = postSolution
		SolutionGuid = {FA8B95D6-EAF1-4F00-8D41-589034C2B2F8}
	EndGlobalSection
EndGlobal
